PODS:
  - boost (1.76.0)
  - BVLinearGradient (2.6.2):
    - React-Core
  - DoubleConversion (1.1.6)
  - EXApplication (5.1.1):
    - ExpoModulesCore
  - EXCamera (13.2.1):
    - ExpoModulesCore
  - EXConstants (14.2.1):
    - ExpoModulesCore
  - EXFileSystem (15.2.2):
    - ExpoModulesCore
  - EXFont (11.1.1):
    - ExpoModulesCore
  - EXImageLoader (4.1.1):
    - ExpoModulesCore
    - React-Core
  - EXJSONUtils (0.5.1)
  - EXManifests (0.5.1):
    - EXJSONUtils
  - EXMediaLibrary (15.2.1):
    - ExpoModulesCore
    - React-Core
  - Expo (48.0.0-beta.2):
    - ExpoModulesCore
  - expo-dev-client (2.1.1):
    - EXManifests
    - expo-dev-launcher
    - expo-dev-menu
    - expo-dev-menu-interface
    - EXUpdatesInterface
  - expo-dev-launcher (2.1.1):
    - EXManifests
    - expo-dev-launcher/Main (= 2.1.1)
    - expo-dev-menu
    - expo-dev-menu-interface
    - ExpoModulesCore
    - EXUpdatesInterface
    - React-Core
  - expo-dev-launcher/Main (2.1.1):
    - EXManifests
    - expo-dev-launcher/Unsafe
    - expo-dev-menu
    - expo-dev-menu-interface
    - ExpoModulesCore
    - EXUpdatesInterface
    - React-Core
  - expo-dev-launcher/Unsafe (2.1.1):
    - EXManifests
    - expo-dev-menu
    - expo-dev-menu-interface
    - ExpoModulesCore
    - EXUpdatesInterface
    - React-Core
  - expo-dev-menu (2.1.1):
    - expo-dev-menu/Main (= 2.1.1)
  - expo-dev-menu-interface (1.1.1)
  - expo-dev-menu/GestureHandler (2.1.1)
  - expo-dev-menu/Main (2.1.1):
    - EXManifests
    - expo-dev-menu-interface
    - expo-dev-menu/Vendored
    - ExpoModulesCore
    - React-Core
  - expo-dev-menu/Reanimated (2.1.1):
    - DoubleConversion
    - FBLazyVector
    - FBReactNativeSpec
    - glog
    - RCT-Folly
    - RCTRequired
    - RCTTypeSafety
    - React-callinvoker
    - React-Core
    - React-Core/DevSupport
    - React-Core/RCTWebSocket
    - React-CoreModules
    - React-cxxreact
    - React-jsi
    - React-jsiexecutor
    - React-jsinspector
    - React-RCTActionSheet
    - React-RCTAnimation
    - React-RCTBlob
    - React-RCTImage
    - React-RCTLinking
    - React-RCTNetwork
    - React-RCTSettings
    - React-RCTText
    - React-RCTVibration
    - ReactCommon/turbomodule/core
    - Yoga
  - expo-dev-menu/SafeAreaView (2.1.1)
  - expo-dev-menu/Vendored (2.1.1):
    - expo-dev-menu/GestureHandler
    - expo-dev-menu/Reanimated
    - expo-dev-menu/SafeAreaView
  - ExpoImagePicker (14.1.1):
    - ExpoModulesCore
  - ExpoKeepAwake (12.0.1):
    - ExpoModulesCore
  - ExpoModulesCore (1.2.1):
    - React-Core
    - React-RCTAppDelegate
    - ReactCommon/turbomodule/core
  - EXSplashScreen (0.18.1):
    - ExpoModulesCore
    - React-Core
  - EXUpdatesInterface (0.9.1)
  - FBLazyVector (0.71.2)
  - FBReactNativeSpec (0.71.2):
    - RCT-Folly (= 2021.07.22.00)
    - RCTRequired (= 0.71.2)
    - RCTTypeSafety (= 0.71.2)
    - React-Core (= 0.71.2)
    - React-jsi (= 0.71.2)
    - ReactCommon/turbomodule/core (= 0.71.2)
  - fmt (6.2.1)
  - glog (0.3.5)
  - hermes-engine (0.71.2):
    - hermes-engine/Pre-built (= 0.71.2)
  - hermes-engine/Pre-built (0.71.2)
  - libevent (2.1.12)
  - libwebp (1.2.4):
    - libwebp/demux (= 1.2.4)
    - libwebp/mux (= 1.2.4)
    - libwebp/webp (= 1.2.4)
  - libwebp/demux (1.2.4):
    - libwebp/webp
  - libwebp/mux (1.2.4):
    - libwebp/demux
  - libwebp/webp (1.2.4)
  - RCT-Folly (2021.07.22.00):
    - boost
    - DoubleConversion
    - fmt (~> 6.2.1)
    - glog
    - RCT-Folly/Default (= 2021.07.22.00)
  - RCT-Folly/Default (2021.07.22.00):
    - boost
    - DoubleConversion
    - fmt (~> 6.2.1)
    - glog
  - RCT-Folly/Futures (2021.07.22.00):
    - boost
    - DoubleConversion
    - fmt (~> 6.2.1)
    - glog
    - libevent
  - RCTRequired (0.71.2)
  - RCTTypeSafety (0.71.2):
    - FBLazyVector (= 0.71.2)
    - RCTRequired (= 0.71.2)
    - React-Core (= 0.71.2)
  - React (0.71.2):
    - React-Core (= 0.71.2)
    - React-Core/DevSupport (= 0.71.2)
    - React-Core/RCTWebSocket (= 0.71.2)
    - React-RCTActionSheet (= 0.71.2)
    - React-RCTAnimation (= 0.71.2)
    - React-RCTBlob (= 0.71.2)
    - React-RCTImage (= 0.71.2)
    - React-RCTLinking (= 0.71.2)
    - React-RCTNetwork (= 0.71.2)
    - React-RCTSettings (= 0.71.2)
    - React-RCTText (= 0.71.2)
    - React-RCTVibration (= 0.71.2)
  - React-callinvoker (0.71.2)
  - React-Codegen (0.71.2):
    - FBReactNativeSpec
    - hermes-engine
    - RCT-Folly
    - RCTRequired
    - RCTTypeSafety
    - React-Core
    - React-jsi
    - React-jsiexecutor
    - ReactCommon/turbomodule/bridging
    - ReactCommon/turbomodule/core
  - React-Core (0.71.2):
    - glog
    - hermes-engine
    - RCT-Folly (= 2021.07.22.00)
    - React-Core/Default (= 0.71.2)
    - React-cxxreact (= 0.71.2)
    - React-hermes
    - React-jsi (= 0.71.2)
    - React-jsiexecutor (= 0.71.2)
    - React-perflogger (= 0.71.2)
    - Yoga
  - React-Core/CoreModulesHeaders (0.71.2):
    - glog
    - hermes-engine
    - RCT-Folly (= 2021.07.22.00)
    - React-Core/Default
    - React-cxxreact (= 0.71.2)
    - React-hermes
    - React-jsi (= 0.71.2)
    - React-jsiexecutor (= 0.71.2)
    - React-perflogger (= 0.71.2)
    - Yoga
  - React-Core/Default (0.71.2):
    - glog
    - hermes-engine
    - RCT-Folly (= 2021.07.22.00)
    - React-cxxreact (= 0.71.2)
    - React-hermes
    - React-jsi (= 0.71.2)
    - React-jsiexecutor (= 0.71.2)
    - React-perflogger (= 0.71.2)
    - Yoga
  - React-Core/DevSupport (0.71.2):
    - glog
    - hermes-engine
    - RCT-Folly (= 2021.07.22.00)
    - React-Core/Default (= 0.71.2)
    - React-Core/RCTWebSocket (= 0.71.2)
    - React-cxxreact (= 0.71.2)
    - React-hermes
    - React-jsi (= 0.71.2)
    - React-jsiexecutor (= 0.71.2)
    - React-jsinspector (= 0.71.2)
    - React-perflogger (= 0.71.2)
    - Yoga
  - React-Core/RCTActionSheetHeaders (0.71.2):
    - glog
    - hermes-engine
    - RCT-Folly (= 2021.07.22.00)
    - React-Core/Default
    - React-cxxreact (= 0.71.2)
    - React-hermes
    - React-jsi (= 0.71.2)
    - React-jsiexecutor (= 0.71.2)
    - React-perflogger (= 0.71.2)
    - Yoga
  - React-Core/RCTAnimationHeaders (0.71.2):
    - glog
    - hermes-engine
    - RCT-Folly (= 2021.07.22.00)
    - React-Core/Default
    - React-cxxreact (= 0.71.2)
    - React-hermes
    - React-jsi (= 0.71.2)
    - React-jsiexecutor (= 0.71.2)
    - React-perflogger (= 0.71.2)
    - Yoga
  - React-Core/RCTBlobHeaders (0.71.2):
    - glog
    - hermes-engine
    - RCT-Folly (= 2021.07.22.00)
    - React-Core/Default
    - React-cxxreact (= 0.71.2)
    - React-hermes
    - React-jsi (= 0.71.2)
    - React-jsiexecutor (= 0.71.2)
    - React-perflogger (= 0.71.2)
    - Yoga
  - React-Core/RCTImageHeaders (0.71.2):
    - glog
    - hermes-engine
    - RCT-Folly (= 2021.07.22.00)
    - React-Core/Default
    - React-cxxreact (= 0.71.2)
    - React-hermes
    - React-jsi (= 0.71.2)
    - React-jsiexecutor (= 0.71.2)
    - React-perflogger (= 0.71.2)
    - Yoga
  - React-Core/RCTLinkingHeaders (0.71.2):
    - glog
    - hermes-engine
    - RCT-Folly (= 2021.07.22.00)
    - React-Core/Default
    - React-cxxreact (= 0.71.2)
    - React-hermes
    - React-jsi (= 0.71.2)
    - React-jsiexecutor (= 0.71.2)
    - React-perflogger (= 0.71.2)
    - Yoga
  - React-Core/RCTNetworkHeaders (0.71.2):
    - glog
    - hermes-engine
    - RCT-Folly (= 2021.07.22.00)
    - React-Core/Default
    - React-cxxreact (= 0.71.2)
    - React-hermes
    - React-jsi (= 0.71.2)
    - React-jsiexecutor (= 0.71.2)
    - React-perflogger (= 0.71.2)
    - Yoga
  - React-Core/RCTSettingsHeaders (0.71.2):
    - glog
    - hermes-engine
    - RCT-Folly (= 2021.07.22.00)
    - React-Core/Default
    - React-cxxreact (= 0.71.2)
    - React-hermes
    - React-jsi (= 0.71.2)
    - React-jsiexecutor (= 0.71.2)
    - React-perflogger (= 0.71.2)
    - Yoga
  - React-Core/RCTTextHeaders (0.71.2):
    - glog
    - hermes-engine
    - RCT-Folly (= 2021.07.22.00)
    - React-Core/Default
    - React-cxxreact (= 0.71.2)
    - React-hermes
    - React-jsi (= 0.71.2)
    - React-jsiexecutor (= 0.71.2)
    - React-perflogger (= 0.71.2)
    - Yoga
  - React-Core/RCTVibrationHeaders (0.71.2):
    - glog
    - hermes-engine
    - RCT-Folly (= 2021.07.22.00)
    - React-Core/Default
    - React-cxxreact (= 0.71.2)
    - React-hermes
    - React-jsi (= 0.71.2)
    - React-jsiexecutor (= 0.71.2)
    - React-perflogger (= 0.71.2)
    - Yoga
  - React-Core/RCTWebSocket (0.71.2):
    - glog
    - hermes-engine
    - RCT-Folly (= 2021.07.22.00)
    - React-Core/Default (= 0.71.2)
    - React-cxxreact (= 0.71.2)
    - React-hermes
    - React-jsi (= 0.71.2)
    - React-jsiexecutor (= 0.71.2)
    - React-perflogger (= 0.71.2)
    - Yoga
  - React-CoreModules (0.71.2):
    - RCT-Folly (= 2021.07.22.00)
    - RCTTypeSafety (= 0.71.2)
    - React-Codegen (= 0.71.2)
    - React-Core/CoreModulesHeaders (= 0.71.2)
    - React-jsi (= 0.71.2)
    - React-RCTBlob
    - React-RCTImage (= 0.71.2)
    - ReactCommon/turbomodule/core (= 0.71.2)
  - React-cxxreact (0.71.2):
    - boost (= 1.76.0)
    - DoubleConversion
    - glog
    - hermes-engine
    - RCT-Folly (= 2021.07.22.00)
    - React-callinvoker (= 0.71.2)
    - React-jsi (= 0.71.2)
    - React-jsinspector (= 0.71.2)
    - React-logger (= 0.71.2)
    - React-perflogger (= 0.71.2)
    - React-runtimeexecutor (= 0.71.2)
  - React-hermes (0.71.2):
    - DoubleConversion
    - glog
    - hermes-engine
    - RCT-Folly (= 2021.07.22.00)
    - RCT-Folly/Futures (= 2021.07.22.00)
    - React-cxxreact (= 0.71.2)
    - React-jsi
    - React-jsiexecutor (= 0.71.2)
    - React-jsinspector (= 0.71.2)
    - React-perflogger (= 0.71.2)
  - React-jsi (0.71.2):
    - boost (= 1.76.0)
    - DoubleConversion
    - glog
    - hermes-engine
    - RCT-Folly (= 2021.07.22.00)
  - React-jsiexecutor (0.71.2):
    - DoubleConversion
    - glog
    - hermes-engine
    - RCT-Folly (= 2021.07.22.00)
    - React-cxxreact (= 0.71.2)
    - React-jsi (= 0.71.2)
    - React-perflogger (= 0.71.2)
  - React-jsinspector (0.71.2)
  - React-logger (0.71.2):
    - glog
  - react-native-blur (4.3.0):
    - React-Core
  - react-native-cameraroll (5.2.3):
    - React-Core
  - react-native-image-resizer (3.0.4):
    - React-Core
  - react-native-pager-view (6.1.4):
    - React-Core
  - react-native-paste-input (0.6.1):
    - React-Core
    - Swime (= 3.0.6)
  - react-native-safe-area-context (4.5.0):
    - RCT-Folly
    - RCTRequired
    - RCTTypeSafety
    - React-Core
    - ReactCommon/turbomodule/core
  - react-native-splash-screen (3.3.0):
    - React-Core
  - react-native-version-number (0.3.6):
    - React
  - react-native-webview (11.26.0):
    - React-Core
  - React-perflogger (0.71.2)
  - React-RCTActionSheet (0.71.2):
    - React-Core/RCTActionSheetHeaders (= 0.71.2)
  - React-RCTAnimation (0.71.2):
    - RCT-Folly (= 2021.07.22.00)
    - RCTTypeSafety (= 0.71.2)
    - React-Codegen (= 0.71.2)
    - React-Core/RCTAnimationHeaders (= 0.71.2)
    - React-jsi (= 0.71.2)
    - ReactCommon/turbomodule/core (= 0.71.2)
  - React-RCTAppDelegate (0.71.2):
    - RCT-Folly
    - RCTRequired
    - RCTTypeSafety
    - React-Core
    - ReactCommon/turbomodule/core
  - React-RCTBlob (0.71.2):
    - hermes-engine
    - RCT-Folly (= 2021.07.22.00)
    - React-Codegen (= 0.71.2)
    - React-Core/RCTBlobHeaders (= 0.71.2)
    - React-Core/RCTWebSocket (= 0.71.2)
    - React-jsi (= 0.71.2)
    - React-RCTNetwork (= 0.71.2)
    - ReactCommon/turbomodule/core (= 0.71.2)
  - React-RCTImage (0.71.2):
    - RCT-Folly (= 2021.07.22.00)
    - RCTTypeSafety (= 0.71.2)
    - React-Codegen (= 0.71.2)
    - React-Core/RCTImageHeaders (= 0.71.2)
    - React-jsi (= 0.71.2)
    - React-RCTNetwork (= 0.71.2)
    - ReactCommon/turbomodule/core (= 0.71.2)
  - React-RCTLinking (0.71.2):
    - React-Codegen (= 0.71.2)
    - React-Core/RCTLinkingHeaders (= 0.71.2)
    - React-jsi (= 0.71.2)
    - ReactCommon/turbomodule/core (= 0.71.2)
  - React-RCTNetwork (0.71.2):
    - RCT-Folly (= 2021.07.22.00)
    - RCTTypeSafety (= 0.71.2)
    - React-Codegen (= 0.71.2)
    - React-Core/RCTNetworkHeaders (= 0.71.2)
    - React-jsi (= 0.71.2)
    - ReactCommon/turbomodule/core (= 0.71.2)
  - React-RCTSettings (0.71.2):
    - RCT-Folly (= 2021.07.22.00)
    - RCTTypeSafety (= 0.71.2)
    - React-Codegen (= 0.71.2)
    - React-Core/RCTSettingsHeaders (= 0.71.2)
    - React-jsi (= 0.71.2)
    - ReactCommon/turbomodule/core (= 0.71.2)
  - React-RCTText (0.71.2):
    - React-Core/RCTTextHeaders (= 0.71.2)
  - React-RCTVibration (0.71.2):
    - RCT-Folly (= 2021.07.22.00)
    - React-Codegen (= 0.71.2)
    - React-Core/RCTVibrationHeaders (= 0.71.2)
    - React-jsi (= 0.71.2)
    - ReactCommon/turbomodule/core (= 0.71.2)
  - React-runtimeexecutor (0.71.2):
    - React-jsi (= 0.71.2)
  - ReactCommon/turbomodule/bridging (0.71.2):
    - DoubleConversion
    - glog
    - hermes-engine
    - RCT-Folly (= 2021.07.22.00)
    - React-callinvoker (= 0.71.2)
    - React-Core (= 0.71.2)
    - React-cxxreact (= 0.71.2)
    - React-jsi (= 0.71.2)
    - React-logger (= 0.71.2)
    - React-perflogger (= 0.71.2)
  - ReactCommon/turbomodule/core (0.71.2):
    - DoubleConversion
    - glog
    - hermes-engine
    - RCT-Folly (= 2021.07.22.00)
    - React-callinvoker (= 0.71.2)
    - React-Core (= 0.71.2)
    - React-cxxreact (= 0.71.2)
    - React-jsi (= 0.71.2)
    - React-logger (= 0.71.2)
    - React-perflogger (= 0.71.2)
  - rn-fetch-blob (0.12.0):
    - React-Core
  - RNBackgroundFetch (4.1.8):
    - React-Core
  - RNCAsyncStorage (1.17.11):
    - React-Core
  - RNCClipboard (1.11.1):
    - React-Core
  - RNFastImage (8.6.3):
    - React-Core
    - SDWebImage (~> 5.11.1)
    - SDWebImageWebPCoder (~> 0.8.4)
  - RNFS (2.20.0):
    - React-Core
  - RNGestureHandler (2.9.0):
    - React-Core
  - RNImageCropPicker (0.38.1):
    - React-Core
    - React-RCTImage
    - RNImageCropPicker/QBImagePickerController (= 0.38.1)
    - TOCropViewController
  - RNImageCropPicker/QBImagePickerController (0.38.1):
    - React-Core
    - React-RCTImage
    - TOCropViewController
  - RNInAppBrowser (3.7.0):
    - React-Core
  - RNNotifee (7.4.0):
    - React-Core
    - RNNotifee/NotifeeCore (= 7.4.0)
  - RNNotifee/NotifeeCore (7.4.0):
    - React-Core
  - RNReactNativeHapticFeedback (1.14.0):
    - React-Core
  - RNReanimated (2.14.4):
    - DoubleConversion
    - FBLazyVector
    - FBReactNativeSpec
    - glog
    - RCT-Folly
    - RCTRequired
    - RCTTypeSafety
    - React-callinvoker
    - React-Core
    - React-Core/DevSupport
    - React-Core/RCTWebSocket
    - React-CoreModules
    - React-cxxreact
    - React-jsi
    - React-jsiexecutor
    - React-jsinspector
    - React-RCTActionSheet
    - React-RCTAnimation
    - React-RCTBlob
    - React-RCTImage
    - React-RCTLinking
    - React-RCTNetwork
    - React-RCTSettings
    - React-RCTText
    - ReactCommon/turbomodule/core
    - Yoga
  - RNScreens (3.20.0):
    - React-Core
    - React-RCTImage
  - RNSVG (13.4.0):
    - React-Core
  - SDWebImage (5.11.1):
    - SDWebImage/Core (= 5.11.1)
  - SDWebImage/Core (5.11.1)
  - SDWebImageWebPCoder (0.8.5):
    - libwebp (~> 1.0)
    - SDWebImage/Core (~> 5.10)
  - segment-analytics-react-native (2.13.0):
    - React-Core
    - sovran-react-native
  - sovran-react-native (0.4.5):
    - React-Core
  - Swime (3.0.6)
  - TOCropViewController (2.6.1)
  - Yoga (1.14.0)

DEPENDENCIES:
  - boost (from `../node_modules/react-native/third-party-podspecs/boost.podspec`)
  - BVLinearGradient (from `../node_modules/react-native-linear-gradient`)
  - DoubleConversion (from `../node_modules/react-native/third-party-podspecs/DoubleConversion.podspec`)
  - EXApplication (from `../node_modules/expo-application/ios`)
  - EXCamera (from `../node_modules/expo-camera/ios`)
  - EXConstants (from `../node_modules/expo-constants/ios`)
  - EXFileSystem (from `../node_modules/expo-file-system/ios`)
  - EXFont (from `../node_modules/expo-font/ios`)
  - EXImageLoader (from `../node_modules/expo-image-loader/ios`)
  - EXJSONUtils (from `../node_modules/expo-json-utils/ios`)
  - EXManifests (from `../node_modules/expo-manifests/ios`)
  - EXMediaLibrary (from `../node_modules/expo-media-library/ios`)
  - Expo (from `../node_modules/expo`)
  - expo-dev-client (from `../node_modules/expo-dev-client/ios`)
  - expo-dev-launcher (from `../node_modules/expo-dev-launcher`)
  - expo-dev-menu (from `../node_modules/expo-dev-menu`)
  - expo-dev-menu-interface (from `../node_modules/expo-dev-menu-interface/ios`)
  - ExpoImagePicker (from `../node_modules/expo-image-picker/ios`)
  - ExpoKeepAwake (from `../node_modules/expo-keep-awake/ios`)
  - ExpoModulesCore (from `../node_modules/expo-modules-core`)
  - EXSplashScreen (from `../node_modules/expo-splash-screen/ios`)
  - EXUpdatesInterface (from `../node_modules/expo-updates-interface/ios`)
  - FBLazyVector (from `../node_modules/react-native/Libraries/FBLazyVector`)
  - FBReactNativeSpec (from `../node_modules/react-native/React/FBReactNativeSpec`)
  - glog (from `../node_modules/react-native/third-party-podspecs/glog.podspec`)
  - hermes-engine (from `../node_modules/react-native/sdks/hermes-engine/hermes-engine.podspec`)
  - libevent (~> 2.1.12)
  - RCT-Folly (from `../node_modules/react-native/third-party-podspecs/RCT-Folly.podspec`)
  - RCTRequired (from `../node_modules/react-native/Libraries/RCTRequired`)
  - RCTTypeSafety (from `../node_modules/react-native/Libraries/TypeSafety`)
  - React (from `../node_modules/react-native/`)
  - React-callinvoker (from `../node_modules/react-native/ReactCommon/callinvoker`)
  - React-Codegen (from `build/generated/ios`)
  - React-Core (from `../node_modules/react-native/`)
  - React-Core/RCTWebSocket (from `../node_modules/react-native/`)
  - React-CoreModules (from `../node_modules/react-native/React/CoreModules`)
  - React-cxxreact (from `../node_modules/react-native/ReactCommon/cxxreact`)
  - React-hermes (from `../node_modules/react-native/ReactCommon/hermes`)
  - React-jsi (from `../node_modules/react-native/ReactCommon/jsi`)
  - React-jsiexecutor (from `../node_modules/react-native/ReactCommon/jsiexecutor`)
  - React-jsinspector (from `../node_modules/react-native/ReactCommon/jsinspector`)
  - React-logger (from `../node_modules/react-native/ReactCommon/logger`)
  - "react-native-blur (from `../node_modules/@react-native-community/blur`)"
  - "react-native-cameraroll (from `../node_modules/@react-native-camera-roll/camera-roll`)"
  - "react-native-image-resizer (from `../node_modules/@bam.tech/react-native-image-resizer`)"
  - react-native-pager-view (from `../node_modules/react-native-pager-view`)
  - "react-native-paste-input (from `../node_modules/@mattermost/react-native-paste-input`)"
  - react-native-safe-area-context (from `../node_modules/react-native-safe-area-context`)
  - react-native-splash-screen (from `../node_modules/react-native-splash-screen`)
  - react-native-version-number (from `../node_modules/react-native-version-number`)
  - react-native-webview (from `../node_modules/react-native-webview`)
  - React-perflogger (from `../node_modules/react-native/ReactCommon/reactperflogger`)
  - React-RCTActionSheet (from `../node_modules/react-native/Libraries/ActionSheetIOS`)
  - React-RCTAnimation (from `../node_modules/react-native/Libraries/NativeAnimation`)
  - React-RCTAppDelegate (from `../node_modules/react-native/Libraries/AppDelegate`)
  - React-RCTBlob (from `../node_modules/react-native/Libraries/Blob`)
  - React-RCTImage (from `../node_modules/react-native/Libraries/Image`)
  - React-RCTLinking (from `../node_modules/react-native/Libraries/LinkingIOS`)
  - React-RCTNetwork (from `../node_modules/react-native/Libraries/Network`)
  - React-RCTSettings (from `../node_modules/react-native/Libraries/Settings`)
  - React-RCTText (from `../node_modules/react-native/Libraries/Text`)
  - React-RCTVibration (from `../node_modules/react-native/Libraries/Vibration`)
  - React-runtimeexecutor (from `../node_modules/react-native/ReactCommon/runtimeexecutor`)
  - ReactCommon/turbomodule/core (from `../node_modules/react-native/ReactCommon`)
  - rn-fetch-blob (from `../node_modules/rn-fetch-blob`)
  - RNBackgroundFetch (from `../node_modules/react-native-background-fetch`)
  - "RNCAsyncStorage (from `../node_modules/@react-native-async-storage/async-storage`)"
  - "RNCClipboard (from `../node_modules/@react-native-clipboard/clipboard`)"
  - RNFastImage (from `../node_modules/react-native-fast-image`)
  - RNFS (from `../node_modules/react-native-fs`)
  - RNGestureHandler (from `../node_modules/react-native-gesture-handler`)
  - RNImageCropPicker (from `../node_modules/react-native-image-crop-picker`)
  - RNInAppBrowser (from `../node_modules/react-native-inappbrowser-reborn`)
  - "RNNotifee (from `../node_modules/@notifee/react-native`)"
  - RNReactNativeHapticFeedback (from `../node_modules/react-native-haptic-feedback`)
  - RNReanimated (from `../node_modules/react-native-reanimated`)
  - RNScreens (from `../node_modules/react-native-screens`)
  - RNSVG (from `../node_modules/react-native-svg`)
  - "segment-analytics-react-native (from `../node_modules/@segment/analytics-react-native`)"
  - "sovran-react-native (from `../node_modules/@segment/sovran-react-native`)"
  - Yoga (from `../node_modules/react-native/ReactCommon/yoga`)

SPEC REPOS:
  trunk:
    - fmt
    - libevent
    - libwebp
    - SDWebImage
    - SDWebImageWebPCoder
    - Swime
    - TOCropViewController

EXTERNAL SOURCES:
  boost:
    :podspec: "../node_modules/react-native/third-party-podspecs/boost.podspec"
  BVLinearGradient:
    :path: "../node_modules/react-native-linear-gradient"
  DoubleConversion:
    :podspec: "../node_modules/react-native/third-party-podspecs/DoubleConversion.podspec"
  EXApplication:
    :path: "../node_modules/expo-application/ios"
  EXCamera:
    :path: "../node_modules/expo-camera/ios"
  EXConstants:
    :path: "../node_modules/expo-constants/ios"
  EXFileSystem:
    :path: "../node_modules/expo-file-system/ios"
  EXFont:
    :path: "../node_modules/expo-font/ios"
  EXImageLoader:
    :path: "../node_modules/expo-image-loader/ios"
  EXJSONUtils:
    :path: "../node_modules/expo-json-utils/ios"
  EXManifests:
    :path: "../node_modules/expo-manifests/ios"
  EXMediaLibrary:
    :path: "../node_modules/expo-media-library/ios"
  Expo:
    :path: "../node_modules/expo"
  expo-dev-client:
    :path: "../node_modules/expo-dev-client/ios"
  expo-dev-launcher:
    :path: "../node_modules/expo-dev-launcher"
  expo-dev-menu:
    :path: "../node_modules/expo-dev-menu"
  expo-dev-menu-interface:
    :path: "../node_modules/expo-dev-menu-interface/ios"
  ExpoImagePicker:
    :path: "../node_modules/expo-image-picker/ios"
  ExpoKeepAwake:
    :path: "../node_modules/expo-keep-awake/ios"
  ExpoModulesCore:
    :path: "../node_modules/expo-modules-core"
  EXSplashScreen:
    :path: "../node_modules/expo-splash-screen/ios"
  EXUpdatesInterface:
    :path: "../node_modules/expo-updates-interface/ios"
  FBLazyVector:
    :path: "../node_modules/react-native/Libraries/FBLazyVector"
  FBReactNativeSpec:
    :path: "../node_modules/react-native/React/FBReactNativeSpec"
  glog:
    :podspec: "../node_modules/react-native/third-party-podspecs/glog.podspec"
  hermes-engine:
    :podspec: "../node_modules/react-native/sdks/hermes-engine/hermes-engine.podspec"
  RCT-Folly:
    :podspec: "../node_modules/react-native/third-party-podspecs/RCT-Folly.podspec"
  RCTRequired:
    :path: "../node_modules/react-native/Libraries/RCTRequired"
  RCTTypeSafety:
    :path: "../node_modules/react-native/Libraries/TypeSafety"
  React:
    :path: "../node_modules/react-native/"
  React-callinvoker:
    :path: "../node_modules/react-native/ReactCommon/callinvoker"
  React-Codegen:
    :path: build/generated/ios
  React-Core:
    :path: "../node_modules/react-native/"
  React-CoreModules:
    :path: "../node_modules/react-native/React/CoreModules"
  React-cxxreact:
    :path: "../node_modules/react-native/ReactCommon/cxxreact"
  React-hermes:
    :path: "../node_modules/react-native/ReactCommon/hermes"
  React-jsi:
    :path: "../node_modules/react-native/ReactCommon/jsi"
  React-jsiexecutor:
    :path: "../node_modules/react-native/ReactCommon/jsiexecutor"
  React-jsinspector:
    :path: "../node_modules/react-native/ReactCommon/jsinspector"
  React-logger:
    :path: "../node_modules/react-native/ReactCommon/logger"
  react-native-blur:
    :path: "../node_modules/@react-native-community/blur"
  react-native-cameraroll:
    :path: "../node_modules/@react-native-camera-roll/camera-roll"
  react-native-image-resizer:
    :path: "../node_modules/@bam.tech/react-native-image-resizer"
  react-native-pager-view:
    :path: "../node_modules/react-native-pager-view"
  react-native-paste-input:
    :path: "../node_modules/@mattermost/react-native-paste-input"
  react-native-safe-area-context:
    :path: "../node_modules/react-native-safe-area-context"
  react-native-splash-screen:
    :path: "../node_modules/react-native-splash-screen"
  react-native-version-number:
    :path: "../node_modules/react-native-version-number"
  react-native-webview:
    :path: "../node_modules/react-native-webview"
  React-perflogger:
    :path: "../node_modules/react-native/ReactCommon/reactperflogger"
  React-RCTActionSheet:
    :path: "../node_modules/react-native/Libraries/ActionSheetIOS"
  React-RCTAnimation:
    :path: "../node_modules/react-native/Libraries/NativeAnimation"
  React-RCTAppDelegate:
    :path: "../node_modules/react-native/Libraries/AppDelegate"
  React-RCTBlob:
    :path: "../node_modules/react-native/Libraries/Blob"
  React-RCTImage:
    :path: "../node_modules/react-native/Libraries/Image"
  React-RCTLinking:
    :path: "../node_modules/react-native/Libraries/LinkingIOS"
  React-RCTNetwork:
    :path: "../node_modules/react-native/Libraries/Network"
  React-RCTSettings:
    :path: "../node_modules/react-native/Libraries/Settings"
  React-RCTText:
    :path: "../node_modules/react-native/Libraries/Text"
  React-RCTVibration:
    :path: "../node_modules/react-native/Libraries/Vibration"
  React-runtimeexecutor:
    :path: "../node_modules/react-native/ReactCommon/runtimeexecutor"
  ReactCommon:
    :path: "../node_modules/react-native/ReactCommon"
  rn-fetch-blob:
    :path: "../node_modules/rn-fetch-blob"
  RNBackgroundFetch:
    :path: "../node_modules/react-native-background-fetch"
  RNCAsyncStorage:
    :path: "../node_modules/@react-native-async-storage/async-storage"
  RNCClipboard:
    :path: "../node_modules/@react-native-clipboard/clipboard"
  RNFastImage:
    :path: "../node_modules/react-native-fast-image"
  RNFS:
    :path: "../node_modules/react-native-fs"
  RNGestureHandler:
    :path: "../node_modules/react-native-gesture-handler"
  RNImageCropPicker:
    :path: "../node_modules/react-native-image-crop-picker"
  RNInAppBrowser:
    :path: "../node_modules/react-native-inappbrowser-reborn"
  RNNotifee:
    :path: "../node_modules/@notifee/react-native"
  RNReactNativeHapticFeedback:
    :path: "../node_modules/react-native-haptic-feedback"
  RNReanimated:
    :path: "../node_modules/react-native-reanimated"
  RNScreens:
    :path: "../node_modules/react-native-screens"
  RNSVG:
    :path: "../node_modules/react-native-svg"
  segment-analytics-react-native:
    :path: "../node_modules/@segment/analytics-react-native"
  sovran-react-native:
    :path: "../node_modules/@segment/sovran-react-native"
  Yoga:
    :path: "../node_modules/react-native/ReactCommon/yoga"

SPEC CHECKSUMS:
  boost: 57d2868c099736d80fcd648bf211b4431e51a558
  BVLinearGradient: 34a999fda29036898a09c6a6b728b0b4189e1a44
  DoubleConversion: 5189b271737e1565bdce30deb4a08d647e3f5f54
  EXApplication: d8f53a7eee90a870a75656280e8d4b85726ea903
  EXCamera: a323a5942b5e7fc8349e17d728e91c18840ad561
  EXConstants: f348da07e21b23d2b085e270d7b74f282df1a7d9
  EXFileSystem: 844e86ca9b5375486ecc4ef06d3838d5597d895d
  EXFont: 6ea3800df746be7233208d80fe379b8ed74f4272
  EXImageLoader: fd053169a8ee932dd83bf1fe5487a50c26d27c2b
  EXJSONUtils: 48b1e764ac35160e6f54d21ab60d7d9501f3e473
  EXManifests: 8afcd1cb32f7a098771fbf4b2f19bb1fb937bb47
  EXMediaLibrary: 945e03614e6b90e70d15be886b9aebedc9d4fade
  Expo: 1b7b4ec09bd939db6d98985231a0789aa3f6670a
  expo-dev-client: 504ebe5d4cfad59ce9b8463b12bf6d271d1b6c9c
  expo-dev-launcher: 222533abd5ac6cfc6bcdd64b1f697398068edb1d
  expo-dev-menu: d80c104eab923f39a07b17d5f058e75d4273bf05
  expo-dev-menu-interface: 6c82ae323c4b8724dead4763ce3ff24a2108bdb1
  ExpoImagePicker: 270dea232b3a072d981dd564e2cafc63a864edb1
  ExpoKeepAwake: 69f5f627670d62318410392d03e0b5db0f85759a
  ExpoModulesCore: 2f4bd2ae0cd03d30c3c286f5d843e22f72ccdb55
  EXSplashScreen: cd7fb052dff5ba8311d5c2455ecbebffe1b7a8ca
  EXUpdatesInterface: dd699d1930e28639dcbd70a402caea98e86364ca
  FBLazyVector: d58428b28fe1f5070fe993495b0e2eaf701d3820
  FBReactNativeSpec: 225fb0f0ab00493ce0731f954da3658638d9b191
  fmt: ff9d55029c625d3757ed641535fd4a75fedc7ce9
  glog: 04b94705f318337d7ead9e6d17c019bd9b1f6b1b
  hermes-engine: 6351580c827b3b03e5f25aadcf989f582d0b0a86
  libevent: 4049cae6c81cdb3654a443be001fb9bdceff7913
  libwebp: f62cb61d0a484ba548448a4bd52aabf150ff6eef
  RCT-Folly: 424b8c9a7a0b9ab2886ffe9c3b041ef628fd4fb1
  RCTRequired: c154ebcfbf41d6fef86c52674fc1aa08837ff538
  RCTTypeSafety: 3063e5a1e5b1dc2cbeda5c8f8926c0ad1a6b0871
  React: 0a1a36e8e81cfaac244ed88b97f23ab56e5434f0
  React-callinvoker: 679a09fbfe1a8bbf0c8588b588bf3ef85e7e4922
  React-Codegen: 78f8966839f22b54d3303a6aca2679bce5723c3f
  React-Core: 679e5ff1eb0e3122463976d0b2049bebcb7b33d6
  React-CoreModules: 06cbf15185e6daf9fb3aec02c963f4807bd794b3
  React-cxxreact: 645dc75c9deba4c15698b1b5902236d6a766461f
  React-hermes: bc7bcfeaaa7cb98dc9f9252f2f3eca66f06f01e2
  React-jsi: 82625f9f1f8d7abf716d897612a9ea06ecf6db6e
  React-jsiexecutor: c7e028406112db456ac3cf5720d266bc7bc20938
  React-jsinspector: ea8101acf525ec08b2d87ddf0637d45f8e3b4148
  React-logger: 97987f46779d8dd24656474ad0c43a5b459f31d6
  react-native-blur: 50c9feabacbc5f49b61337ebc32192c6be7ec3c3
  react-native-cameraroll: 5b25d0be40185d02e522bf2abf8a1ba4e8faa107
  react-native-image-resizer: 794abf75ec13ed1f0dbb1f134e27504ea65e9e66
  react-native-pager-view: b58cb9e9f42f64e50cab3040815772c1d119a2e2
  react-native-paste-input: fb7156dc75960c9895ddd9b9d68eeb874c9f323a
  react-native-safe-area-context: 39c2d8be3328df5d437ac1700f4f3a4f75716acc
  react-native-splash-screen: 4312f786b13a81b5169ef346d76d33bc0c6dc457
  react-native-version-number: b415bbec6a13f2df62bf978e85bc0d699462f37f
  react-native-webview: 994b9f8fbb504d6314dc40d83f94f27c6831b3bf
  React-perflogger: c7ccda3d1d1da837f7ff4e54e816022a6803ee87
  React-RCTActionSheet: 01c125aebbad462a24228f68c584c7a921d6c28e
  React-RCTAnimation: 5277a9440acffc4a5b7baa6ae3880fe467277ae6
  React-RCTAppDelegate: 3977201606125157aa94872b4171ca316478939b
  React-RCTBlob: 8e15fc9091d8947f406ba706f11505b38b1b5e40
  React-RCTImage: 65319acfe82b85219b2d410725a593abe19ac795
  React-RCTLinking: a5fc2b9d7a346d6e7d34de8093bb5d1064042508
  React-RCTNetwork: 5d1efcd01ca7f08ebf286d68be544f747a5d315a
  React-RCTSettings: fa760b0add819ac3ad73b06715f9547316acdf20
  React-RCTText: 05c244b135d75d4395eb35c012949a5326f8ab70
  React-RCTVibration: 0af3babdeee1b2d052811a2f86977d1e1c81ebd1
  React-runtimeexecutor: 4bf9a9086d27f74065fce1dddac274aa95216952
  ReactCommon: f697c0ac52e999aa818e43e2b6f277787c735e2d
  rn-fetch-blob: f065bb7ab7fb48dd002629f8bdcb0336602d3cba
  RNBackgroundFetch: 8e16176ff415daac743a6eb57afc8e9e14dbe623
  RNCAsyncStorage: 8616bd5a58af409453ea4e1b246521bb76578d60
  RNCClipboard: 2834e1c4af68697089cdd455ee4a4cdd198fa7dd
  RNFastImage: 5c9c9fed9c076e521b3f509fe79e790418a544e8
  RNFS: 4ac0f0ea233904cb798630b3c077808c06931688
  RNGestureHandler: 071d7a9ad81e8b83fe7663b303d132406a7d8f39
  RNImageCropPicker: 648356d68fbf9911a1016b3e3723885d28373eda
  RNInAppBrowser: e36d6935517101ccba0e875bac8ad7b0cb655364
  RNNotifee: da8dcf09f079ea22f46e239d7c406e10d4525a5f
  RNReactNativeHapticFeedback: 1e3efeca9628ff9876ee7cdd9edec1b336913f8c
  RNReanimated: cc5e3aa479cb9170bcccf8204291a6950a3be128
  RNScreens: 218801c16a2782546d30bd2026bb625c0302d70f
  RNSVG: 07dbd870b0dcdecc99b3a202fa37c8ca163caec2
  SDWebImage: a7f831e1a65eb5e285e3fb046a23fcfbf08e696d
  SDWebImageWebPCoder: 908b83b6adda48effe7667cd2b7f78c897e5111d
  segment-analytics-react-native: bd1f13ea95bad2313a9c7130da032af0e9a6da60
  sovran-react-native: fd3dc8f1a4b14acdc4ad25fc6b4ac4f52a2a2a15
  Swime: d7b2c277503b6cea317774aedc2dce05613f8b0b
  TOCropViewController: edfd4f25713d56905ad1e0b9f5be3fbe0f59c863
  Yoga: 5b0304b3dbef2b52e078052138e23a19c7dacaef

PODFILE CHECKSUM: ef1cda3a86ebf887421dbf1b85f555cb17fba84f

COCOAPODS: 1.11.3
